
Microsoft Visual Studio Solution File, Format Version 12.00
# Visual Studio 15
VisualStudioVersion = 15.0.27428.2015
MinimumVisualStudioVersion = 10.0.40219.1
Project("{FAE04EC0-301F-11D3-BF4B-00C04F79EFBC}") = "AgeCalculator", "AgeCalculator\AgeCalculator.csproj", "{E496567C-3BC6-4782-9402-42FD56FBB8EE}"
EndProject
Global
	GlobalSection(SolutionConfigurationPlatforms) = preSolution
		Debug|Any CPU = Debug|Any CPU
		Release|Any CPU = Release|Any CPU
	EndGlobalSection
	GlobalSection(ProjectConfigurationPlatforms) = postSolution
		{E496567C-3BC6-4782-9402-42FD56FBB8EE}.Debug|Any CPU.ActiveCfg = Debug|Any CPU
		{E496567C-3BC6-4782-9402-42FD56FBB8EE}.Debug|Any CPU.Build.0 = Debug|Any CPU
		{E496567C-3BC6-4782-9402-42FD56FBB8EE}.Release|Any CPU.ActiveCfg = Release|Any CPU
		{E496567C-3BC6-4782-9402-42FD56FBB8EE}.Release|Any CPU.Build.0 = Release|Any CPU
	EndGlobalSection
	GlobalSection(SolutionProperties) = preSolution
		HideSolutionNode = FALSE
	EndGlobalSection
	GlobalSection(ExtensibilityGlobals) = postSolution
		SolutionGuid = {10B9257D-9F7A-4311-93EA-E9F5FEC815BE}
	EndGlobalSection
EndGlobal
